
Microsoft Visual Studio Solution File, Format Version 12.00
# Visual Studio Version 17
VisualStudioVersion = 17.9.34701.34
MinimumVisualStudioVersion = 10.0.40219.1
Project("{9A19103F-16F7-4668-BE54-9A1E7A4F7556}") = "ServerGui", "ServerGui\ServerGui.csproj", "{95682560-3D4B-488D-80B2-3EECC809DA8C}"
EndProject
Project("{9A19103F-16F7-4668-BE54-9A1E7A4F7556}") = "ServerLibrary", "ServerLibrary\ServerLibrary.csproj", "{3269804E-1916-4F34-B1B7-10ECC5B8D674}"
EndProject
Project("{9A19103F-16F7-4668-BE54-9A1E7A4F7556}") = "ClientLibrary", "ClientLibrary\ClientLibrary.csproj", "{39D7CE38-8F8A-473D-AF88-E3D3FED7D5CB}"
EndProject
Project("{9A19103F-16F7-4668-BE54-9A1E7A4F7556}") = "ClientGui", "ClientGui\ClientGui.csproj", "{ABB19280-6192-4474-9CAC-0B50BDC55884}"
EndProject
Global
	GlobalSection(SolutionConfigurationPlatforms) = preSolution
		Debug|Any CPU = Debug|Any CPU
		Release|Any CPU = Release|Any CPU
	EndGlobalSection
	GlobalSection(ProjectConfigurationPlatforms) = postSolution
		{95682560-3D4B-488D-80B2-3EECC809DA8C}.Debug|Any CPU.ActiveCfg = Debug|Any CPU
		{95682560-3D4B-488D-80B2-3EECC809DA8C}.Debug|Any CPU.Build.0 = Debug|Any CPU
		{95682560-3D4B-488D-80B2-3EECC809DA8C}.Release|Any CPU.ActiveCfg = Release|Any CPU
		{95682560-3D4B-488D-80B2-3EECC809DA8C}.Release|Any CPU.Build.0 = Release|Any CPU
		{3269804E-1916-4F34-B1B7-10ECC5B8D674}.Debug|Any CPU.ActiveCfg = Debug|Any CPU
		{3269804E-1916-4F34-B1B7-10ECC5B8D674}.Debug|Any CPU.Build.0 = Debug|Any CPU
		{3269804E-1916-4F34-B1B7-10ECC5B8D674}.Release|Any CPU.ActiveCfg = Release|Any CPU
		{3269804E-1916-4F34-B1B7-10ECC5B8D674}.Release|Any CPU.Build.0 = Release|Any CPU
		{39D7CE38-8F8A-473D-AF88-E3D3FED7D5CB}.Debug|Any CPU.ActiveCfg = Debug|Any CPU
		{39D7CE38-8F8A-473D-AF88-E3D3FED7D5CB}.Debug|Any CPU.Build.0 = Debug|Any CPU
		{39D7CE38-8F8A-473D-AF88-E3D3FED7D5CB}.Release|Any CPU.ActiveCfg = Release|Any CPU
		{39D7CE38-8F8A-473D-AF88-E3D3FED7D5CB}.Release|Any CPU.Build.0 = Release|Any CPU
		{ABB19280-6192-4474-9CAC-0B50BDC55884}.Debug|Any CPU.ActiveCfg = Debug|Any CPU
		{ABB19280-6192-4474-9CAC-0B50BDC55884}.Debug|Any CPU.Build.0 = Debug|Any CPU
		{ABB19280-6192-4474-9CAC-0B50BDC55884}.Release|Any CPU.ActiveCfg = Release|Any CPU
		{ABB19280-6192-4474-9CAC-0B50BDC55884}.Release|Any CPU.Build.0 = Release|Any CPU
	EndGlobalSection
	GlobalSection(SolutionProperties) = preSolution
		HideSolutionNode = FALSE
	EndGlobalSection
	GlobalSection(ExtensibilityGlobals) = postSolution
		SolutionGuid = {BEAF86DF-3D17-4683-B3CF-5ED39C4D1A8F}
	EndGlobalSection
EndGlobal
